
Microsoft Visual Studio Solution File, Format Version 12.00
# Visual Studio Version 16
VisualStudioVersion = 16.0.31515.178
MinimumVisualStudioVersion = 10.0.40219.1
Project("{FAE04EC0-301F-11D3-BF4B-00C04F79EFBC}") = "BasarsoftIntern.Ol", "BasarsoftIntern.Ol\BasarsoftIntern.Ol.csproj", "{730ECB76-724D-4448-B66E-63009D6F4D31}"
EndProject
Global
	GlobalSection(SolutionConfigurationPlatforms) = preSolution
		Debug|Any CPU = Debug|Any CPU
		Release|Any CPU = Release|Any CPU
	EndGlobalSection
	GlobalSection(ProjectConfigurationPlatforms) = postSolution
		{730ECB76-724D-4448-B66E-63009D6F4D31}.Debug|Any CPU.ActiveCfg = Debug|Any CPU
		{730ECB76-724D-4448-B66E-63009D6F4D31}.Debug|Any CPU.Build.0 = Debug|Any CPU
		{730ECB76-724D-4448-B66E-63009D6F4D31}.Release|Any CPU.ActiveCfg = Release|Any CPU
		{730ECB76-724D-4448-B66E-63009D6F4D31}.Release|Any CPU.Build.0 = Release|Any CPU
	EndGlobalSection
	GlobalSection(SolutionProperties) = preSolution
		HideSolutionNode = FALSE
	EndGlobalSection
	GlobalSection(ExtensibilityGlobals) = postSolution
		SolutionGuid = {13AEEFB4-FF05-4A4F-8608-B0A3982B1F92}
	EndGlobalSection
EndGlobal
